// !$*UTF8*$!
{
	archiveVersion = 1;
	classes = {
	};
	objectVersion = 50;
	objects = {

/* Begin PBXBuildFile section */
		3AE43479216F33F200DFC24F /* AppDelegate.m in Sources */ = {isa = PBXBuildFile; fileRef = 3AE43478216F33F200DFC24F /* AppDelegate.m */; };
		3AE4347C216F33F200DFC24F /* ViewController.m in Sources */ = {isa = PBXBuildFile; fileRef = 3AE4347B216F33F200DFC24F /* ViewController.m */; };
		3AE4347F216F33F200DFC24F /* Main.storyboard in Resources */ = {isa = PBXBuildFile; fileRef = 3AE4347D216F33F200DFC24F /* Main.storyboard */; };
		3AE43481216F33F700DFC24F /* Assets.xcassets in Resources */ = {isa = PBXBuildFile; fileRef = 3AE43480216F33F700DFC24F /* Assets.xcassets */; };
		3AE43484216F33F700DFC24F /* LaunchScreen.storyboard in Resources */ = {isa = PBXBuildFile; fileRef = 3AE43482216F33F700DFC24F /* LaunchScreen.storyboard */; };
		3AE43487216F33F700DFC24F /* main.m in Sources */ = {isa = PBXBuildFile; fileRef = 3AE43486216F33F700DFC24F /* main.m */; };
		3AE43490216F3A8A00DFC24F /* HourglassView.m in Sources */ = {isa = PBXBuildFile; fileRef = 3AE4348E216F3A8A00DFC24F /* HourglassView.m */; };
		3AE43494216F3A9600DFC24F /* ESTimer.m in Sources */ = {isa = PBXBuildFile; fileRef = 3AE43493216F3A9500DFC24F /* ESTimer.m */; };
		3AE43497216FB14200DFC24F /* drop1.wav in Resources */ = {isa = PBXBuildFile; fileRef = 3AE43496216FB14200DFC24F /* drop1.wav */; };
/* End PBXBuildFile section */

/* Begin PBXFileReference section */
		3AE43474216F33F200DFC24F /* Hourglass.app */ = {isa = PBXFileReference; explicitFileType = wrapper.application; includeInIndex = 0; path = Hourglass.app; sourceTree = BUILT_PRODUCTS_DIR; };
		3AE43477216F33F200DFC24F /* AppDelegate.h */ = {isa = PBXFileReference; lastKnownFileType = sourcecode.c.h; path = AppDelegate.h; sourceTree = "<group>"; };
		3AE43478216F33F200DFC24F /* AppDelegate.m */ = {isa = PBXFileReference; lastKnownFileType = sourcecode.c.objc; path = AppDelegate.m; sourceTree = "<group>"; };
		3AE4347A216F33F200DFC24F /* ViewController.h */ = {isa = PBXFileReference; lastKnownFileType = sourcecode.c.h; path = ViewController.h; sourceTree = "<group>"; };
		3AE4347B216F33F200DFC24F /* ViewController.m */ = {isa = PBXFileReference; lastKnownFileType = sourcecode.c.objc; path = ViewController.m; sourceTree = "<group>"; };
		3AE4347E216F33F200DFC24F /* Base */ = {isa = PBXFileReference; lastKnownFileType = file.storyboard; name = Base; path = Base.lproj/Main.storyboard; sourceTree = "<group>"; };
		3AE43480216F33F700DFC24F /* Assets.xcassets */ = {isa = PBXFileReference; lastKnownFileType = folder.assetcatalog; path = Assets.xcassets; sourceTree = "<group>"; };
		3AE43483216F33F700DFC24F /* Base */ = {isa = PBXFileReference; lastKnownFileType = file.storyboard; name = Base; path = Base.lproj/LaunchScreen.storyboard; sourceTree = "<group>"; };
		3AE43485216F33F700DFC24F /* Info.plist */ = {isa = PBXFileReference; lastKnownFileType = text.plist.xml; path = Info.plist; sourceTree = "<group>"; };
		3AE43486216F33F700DFC24F /* main.m */ = {isa = PBXFileReference; lastKnownFileType = sourcecode.c.objc; path = main.m; sourceTree = "<group>"; };
		3AE4348E216F3A8A00DFC24F /* HourglassView.m */ = {isa = PBXFileReference; fileEncoding = 4; lastKnownFileType = sourcecode.c.objc; path = HourglassView.m; sourceTree = "<group>"; };
		3AE4348F216F3A8A00DFC24F /* HourglassView.h */ = {isa = PBXFileReference; fileEncoding = 4; lastKnownFileType = sourcecode.c.h; path = HourglassView.h; sourceTree = "<group>"; };
		3AE43492216F3A9500DFC24F /* ESTimer.h */ = {isa = PBXFileReference; fileEncoding = 4; lastKnownFileType = sourcecode.c.h; path = ESTimer.h; sourceTree = "<group>"; };
		3AE43493216F3A9500DFC24F /* ESTimer.m */ = {isa = PBXFileReference; fileEncoding = 4; lastKnownFileType = sourcecode.c.objc; path = ESTimer.m; sourceTree = "<group>"; };
		3AE43496216FB14200DFC24F /* drop1.wav */ = {isa = PBXFileReference; lastKnownFileType = audio.wav; path = drop1.wav; sourceTree = "<group>"; };
/* End PBXFileReference section */

/* Begin PBXFrameworksBuildPhase section */
		3AE43471216F33F200DFC24F /* Frameworks */ = {
			isa = PBXFrameworksBuildPhase;
			buildActionMask = 2147483647;
			files = (
			);
			runOnlyForDeploymentPostprocessing = 0;
		};
/* End PBXFrameworksBuildPhase section */

/* Begin PBXGroup section */
		3AE4346B216F33F200DFC24F = {
			isa = PBXGroup;
			children = (
				3AE43476216F33F200DFC24F /* Hourglass */,
				3AE43475216F33F200DFC24F /* Products */,
			);
			sourceTree = "<group>";
		};
		3AE43475216F33F200DFC24F /* Products */ = {
			isa = PBXGroup;
			children = (
				3AE43474216F33F200DFC24F /* Hourglass.app */,
			);
			name = Products;
			sourceTree = "<group>";
		};
		3AE43476216F33F200DFC24F /* Hourglass */ = {
			isa = PBXGroup;
			children = (
				3AE43477216F33F200DFC24F /* AppDelegate.h */,
				3AE43478216F33F200DFC24F /* AppDelegate.m */,
				3AE4347A216F33F200DFC24F /* ViewController.h */,
				3AE4347B216F33F200DFC24F /* ViewController.m */,
				3AE4347D216F33F200DFC24F /* Main.storyboard */,
				3AE43480216F33F700DFC24F /* Assets.xcassets */,
				3AE43482216F33F700DFC24F /* LaunchScreen.storyboard */,
				3AE43485216F33F700DFC24F /* Info.plist */,
				3AE43486216F33F700DFC24F /* main.m */,
				3AE43495216FB12E00DFC24F /* Resource */,
				3AE43491216F3A9500DFC24F /* ESTimer */,
				3AE4348D216F3A7C00DFC24F /* View */,
			);
			path = Hourglass;
			sourceTree = "<group>";
		};
		3AE4348D216F3A7C00DFC24F /* View */ = {
			isa = PBXGroup;
			children = (
				3AE4348F216F3A8A00DFC24F /* HourglassView.h */,
				3AE4348E216F3A8A00DFC24F /* HourglassView.m */,
			);
			path = View;
			sourceTree = "<group>";
		};
		3AE43491216F3A9500DFC24F /* ESTimer */ = {
			isa = PBXGroup;
			children = (
				3AE43492216F3A9500DFC24F /* ESTimer.h */,
				3AE43493216F3A9500DFC24F /* ESTimer.m */,
			);
			path = ESTimer;
			sourceTree = "<group>";
		};
		3AE43495216FB12E00DFC24F /* Resource */ = {
			isa = PBXGroup;
			children = (
				3AE43496216FB14200DFC24F /* drop1.wav */,
			);
			path = Resource;
			sourceTree = "<group>";
		};
/* End PBXGroup section */

/* Begin PBXNativeTarget section */
		3AE43473216F33F200DFC24F /* Hourglass */ = {
			isa = PBXNativeTarget;
			buildConfigurationList = 3AE4348A216F33F700DFC24F /* Build configuration list for PBXNativeTarget "Hourglass" */;
			buildPhases = (
				3AE43470216F33F200DFC24F /* Sources */,
				3AE43471216F33F200DFC24F /* Frameworks */,
				3AE43472216F33F200DFC24F /* Resources */,
			);
			buildRules = (
			);
			dependencies = (
			);
			name = Hourglass;
			productName = Hourglass;
			productReference = 3AE43474216F33F200DFC24F /* Hourglass.app */;
			productType = "com.apple.product-type.application";
		};
/* End PBXNativeTarget section */

/* Begin PBXProject section */
		3AE4346C216F33F200DFC24F /* Project object */ = {
			isa = PBXProject;
			attributes = {
				LastUpgradeCheck = 0940;
				ORGANIZATIONNAME = LiuBo;
				TargetAttributes = {
					3AE43473216F33F200DFC24F = {
						CreatedOnToolsVersion = 9.4;
					};
				};
			};
			buildConfigurationList = 3AE4346F216F33F200DFC24F /* Build configuration list for PBXProject "Hourglass" */;
			compatibilityVersion = "Xcode 9.3";
			developmentRegion = en;
			hasScannedForEncodings = 0;
			knownRegions = (
				en,
				Base,
			);
			mainGroup = 3AE4346B216F33F200DFC24F;
			productRefGroup = 3AE43475216F33F200DFC24F /* Products */;
			projectDirPath = "";
			projectRoot = "";
			targets = (
				3AE43473216F33F200DFC24F /* Hourglass */,
			);
		};
/* End PBXProject section */

/* Begin PBXResourcesBuildPhase section */
		3AE43472216F33F200DFC24F /* Resources */ = {
			isa = PBXResourcesBuildPhase;
			buildActionMask = 2147483647;
			files = (
				3AE43484216F33F700DFC24F /* LaunchScreen.storyboard in Resources */,
				3AE43481216F33F700DFC24F /* Assets.xcassets in Resources */,
				3AE4347F216F33F200DFC24F /* Main.storyboard in Resources */,
				3AE43497216FB14200DFC24F /* drop1.wav in Resources */,
			);
			runOnlyForDeploymentPostprocessing = 0;
		};
/* End PBXResourcesBuildPhase section */

/* Begin PBXSourcesBuildPhase section */
		3AE43470216F33F200DFC24F /* Sources */ = {
			isa = PBXSourcesBuildPhase;
			buildActionMask = 2147483647;
			files = (
				3AE4347C216F33F200DFC24F /* ViewController.m in Sources */,
				3AE43490216F3A8A00DFC24F /* HourglassView.m in Sources */,
				3AE43494216F3A9600DFC24F /* ESTimer.m in Sources */,
				3AE43487216F33F700DFC24F /* main.m in Sources */,
				3AE43479216F33F200DFC24F /* AppDelegate.m in Sources */,
			);
			runOnlyForDeploymentPostprocessing = 0;
		};
/* End PBXSourcesBuildPhase section */

/* Begin PBXVariantGroup section */
		3AE4347D216F33F200DFC24F /* Main.storyboard */ = {
			isa = PBXVariantGroup;
			children = (
				3AE4347E216F33F200DFC24F /* Base */,
			);
			name = Main.storyboard;
			sourceTree = "<group>";
		};
		3AE43482216F33F700DFC24F /* LaunchScreen.storyboard */ = {
			isa = PBXVariantGroup;
			children = (
				3AE43483216F33F700DFC24F /* Base */,
			);
			name = LaunchScreen.storyboard;
			sourceTree = "<group>";
		};
/* End PBXVariantGroup section */

/* Begin XCBuildConfiguration section */
		3AE43488216F33F700DFC24F /* Debug */ = {
			isa = XCBuildConfiguration;
			buildSettings = {
				ALWAYS_SEARCH_USER_PATHS = NO;
				CLANG_ANALYZER_NONNULL = YES;
				CLANG_ANALYZER_NUMBER_OBJECT_CONVERSION = YES_AGGRESSIVE;
				CLANG_CXX_LANGUAGE_STANDARD = "gnu++14";
				CLANG_CXX_LIBRARY = "libc++";
				CLANG_ENABLE_MODULES = YES;
				CLANG_ENABLE_OBJC_ARC = YES;
				CLANG_ENABLE_OBJC_WEAK = YES;
				CLANG_WARN_BLOCK_CAPTURE_AUTORELEASING = YES;
				CLANG_WARN_BOOL_CONVERSION = YES;
				CLANG_WARN_COMMA = YES;
				CLANG_WARN_CONSTANT_CONVERSION = YES;
				CLANG_WARN_DEPRECATED_OBJC_IMPLEMENTATIONS = YES;
				CLANG_WARN_DIRECT_OBJC_ISA_USAGE = YES_ERROR;
				CLANG_WARN_DOCUMENTATION_COMMENTS = YES;
				CLANG_WARN_EMPTY_BODY = YES;
				CLANG_WARN_ENUM_CONVERSION = YES;
				CLANG_WARN_INFINITE_RECURSION = YES;
				CLANG_WARN_INT_CONVERSION = YES;
				CLANG_WARN_NON_LITERAL_NULL_CONVERSION = YES;
				CLANG_WARN_OBJC_IMPLICIT_RETAIN_SELF = YES;
				CLANG_WARN_OBJC_LITERAL_CONVERSION = YES;
				CLANG_WARN_OBJC_ROOT_CLASS = YES_ERROR;
				CLANG_WARN_RANGE_LOOP_ANALYSIS = YES;
				CLANG_WARN_STRICT_PROTOTYPES = YES;
				CLANG_WARN_SUSPICIOUS_MOVE = YES;
				CLANG_WARN_UNGUARDED_AVAILABILITY = YES_AGGRESSIVE;
				CLANG_WARN_UNREACHABLE_CODE = YES;
				CLANG_WARN__DUPLICATE_METHOD_MATCH = YES;
				CODE_SIGN_IDENTITY = "iPhone Developer";
				COPY_PHASE_STRIP = NO;
				DEBUG_INFORMATION_FORMAT = dwarf;
				ENABLE_STRICT_OBJC_MSGSEND = YES;
				ENABLE_TESTABILITY = YES;
				GCC_C_LANGUAGE_STANDARD = gnu11;
				GCC_DYNAMIC_NO_PIC = NO;
				GCC_NO_COMMON_BLOCKS = YES;
				GCC_OPTIMIZATION_LEVEL = 0;
				GCC_PREPROCESSOR_DEFINITIONS = (
					"DEBUG=1",
					"$(inherited)",
				);
				GCC_WARN_64_TO_32_BIT_CONVERSION = YES;
				GCC_WARN_ABOUT_RETURN_TYPE = YES_ERROR;
				GCC_WARN_UNDECLARED_SELECTOR = YES;
				GCC_WARN_UNINITIALIZED_AUTOS = YES_AGGRESSIVE;
				GCC_WARN_UNUSED_FUNCTION = YES;
				GCC_WARN_UNUSED_VARIABLE = YES;
				IPHONEOS_DEPLOYMENT_TARGET = 11.4;
				MTL_ENABLE_DEBUG_INFO = YES;
				ONLY_ACTIVE_ARCH = YES;
				SDKROOT = iphoneos;
			};
			name = Debug;
		};
		3AE43489216F33F700DFC24F /* Release */ = {
			isa = XCBuildConfiguration;
			buildSettings = {
				ALWAYS_SEARCH_USER_PATHS = NO;
				CLANG_ANALYZER_NONNULL = YES;
				CLANG_ANALYZER_NUMBER_OBJECT_CONVERSION = YES_AGGRESSIVE;
				CLANG_CXX_LANGUAGE_STANDARD = "gnu++14";
				CLANG_CXX_LIBRARY = "libc++";
				CLANG_ENABLE_MODULES = YES;
				CLANG_ENABLE_OBJC_ARC = YES;
				CLANG_ENABLE_OBJC_WEAK = YES;
				CLANG_WARN_BLOCK_CAPTURE_AUTORELEASING = YES;
				CLANG_WARN_BOOL_CONVERSION = YES;
				CLANG_WARN_COMMA = YES;
				CLANG_WARN_CONSTANT_CONVERSION = YES;
				CLANG_WARN_DEPRECATED_OBJC_IMPLEMENTATIONS = YES;
				CLANG_WARN_DIRECT_OBJC_ISA_USAGE = YES_ERROR;
				CLANG_WARN_DOCUMENTATION_COMMENTS = YES;
				CLANG_WARN_EMPTY_BODY = YES;
				CLANG_WARN_ENUM_CONVERSION = YES;
				CLANG_WARN_INFINITE_RECURSION = YES;
				CLANG_WARN_INT_CONVERSION = YES;
				CLANG_WARN_NON_LITERAL_NULL_CONVERSION = YES;
				CLANG_WARN_OBJC_IMPLICIT_RETAIN_SELF = YES;
				CLANG_WARN_OBJC_LITERAL_CONVERSION = YES;
				CLANG_WARN_OBJC_ROOT_CLASS = YES_ERROR;
				CLANG_WARN_RANGE_LOOP_ANALYSIS = YES;
				CLANG_WARN_STRICT_PROTOTYPES = YES;
				CLANG_WARN_SUSPICIOUS_MOVE = YES;
				CLANG_WARN_UNGUARDED_AVAILABILITY = YES_AGGRESSIVE;
				CLANG_WARN_UNREACHABLE_CODE = YES;
				CLANG_WARN__DUPLICATE_METHOD_MATCH = YES;
				CODE_SIGN_IDENTITY = "iPhone Developer";
				COPY_PHASE_STRIP = NO;
				DEBUG_INFORMATION_FORMAT = "dwarf-with-dsym";
				ENABLE_NS_ASSERTIONS = NO;
				ENABLE_STRICT_OBJC_MSGSEND = YES;
				GCC_C_LANGUAGE_STANDARD = gnu11;
				GCC_NO_COMMON_BLOCKS = YES;
				GCC_WARN_64_TO_32_BIT_CONVERSION = YES;
				GCC_WARN_ABOUT_RETURN_TYPE = YES_ERROR;
				GCC_WARN_UNDECLARED_SELECTOR = YES;
				GCC_WARN_UNINITIALIZED_AUTOS = YES_AGGRESSIVE;
				GCC_WARN_UNUSED_FUNCTION = YES;
				GCC_WARN_UNUSED_VARIABLE = YES;
				IPHONEOS_DEPLOYMENT_TARGET = 11.4;
				MTL_ENABLE_DEBUG_INFO = NO;
				SDKROOT = iphoneos;
				VALIDATE_PRODUCT = YES;
			};
			name = Release;
		};
		3AE4348B216F33F700DFC24F /* Debug */ = {
			isa = XCBuildConfiguration;
			buildSettings = {
				ASSETCATALOG_COMPILER_APPICON_NAME = AppIcon;
				ASSETCATALOG_COMPILER_LAUNCHIMAGE_NAME = LaunchImage;
				CODE_SIGN_IDENTITY = "iPhone Distribution";
				CODE_SIGN_STYLE = Manual;
				DEVELOPMENT_TEAM = 7PFD5LSX7A;
				INFOPLIST_FILE = Hourglass/Info.plist;
				LD_RUNPATH_SEARCH_PATHS = (
					"$(inherited)",
					"@executable_path/Frameworks",
				);
				PRODUCT_BUNDLE_IDENTIFIER = com.qinghu.dkw;
				PRODUCT_NAME = "$(TARGET_NAME)";
				PROVISIONING_PROFILE = "840b09e7-9cac-4a0c-b615-abb237ca70e5";
				PROVISIONING_PROFILE_SPECIFIER = dkw;
				TARGETED_DEVICE_FAMILY = 1;
			};
			name = Debug;
		};
		3AE4348C216F33F700DFC24F /* Release */ = {
			isa = XCBuildConfiguration;
			buildSettings = {
				ASSETCATALOG_COMPILER_APPICON_NAME = AppIcon;
				ASSETCATALOG_COMPILER_LAUNCHIMAGE_NAME = LaunchImage;
				CODE_SIGN_IDENTITY = "iPhone Distribution";
				CODE_SIGN_STYLE = Manual;
				DEVELOPMENT_TEAM = 7PFD5LSX7A;
				INFOPLIST_FILE = Hourglass/Info.plist;
				LD_RUNPATH_SEARCH_PATHS = (
					"$(inherited)",
					"@executable_path/Frameworks",
				);
				PRODUCT_BUNDLE_IDENTIFIER = com.qinghu.dkw;
				PRODUCT_NAME = "$(TARGET_NAME)";
				PROVISIONING_PROFILE = "840b09e7-9cac-4a0c-b615-abb237ca70e5";
				PROVISIONING_PROFILE_SPECIFIER = dkw;
				TARGETED_DEVICE_FAMILY = 1;
			};
			name = Release;
		};
/* End XCBuildConfiguration section */

/* Begin XCConfigurationList section */
		3AE4346F216F33F200DFC24F /* Build configuration list for PBXProject "Hourglass" */ = {
			isa = XCConfigurationList;
			buildConfigurations = (
				3AE43488216F33F700DFC24F /* Debug */,
				3AE43489216F33F700DFC24F /* Release */,
			);
			defaultConfigurationIsVisible = 0;
			defaultConfigurationName = Release;
		};
		3AE4348A216F33F700DFC24F /* Build configuration list for PBXNativeTarget "Hourglass" */ = {
			isa = XCConfigurationList;
			buildConfigurations = (
				3AE4348B216F33F700DFC24F /* Debug */,
				3AE4348C216F33F700DFC24F /* Release */,
			);
			defaultConfigurationIsVisible = 0;
			defaultConfigurationName = Release;
		};
/* End XCConfigurationList section */
	};
	rootObject = 3AE4346C216F33F200DFC24F /* Project object */;
}
